
Microsoft Visual Studio Solution File, Format Version 12.00
Project("{FAE04EC0-301F-11D3-BF4B-00C04F79EFBC}") = "lab8", "lab8.csproj", "{9FF00568-2E32-4C3E-9B83-EFBCC4F3B22C}"
EndProject
Global
	GlobalSection(SolutionConfigurationPlatforms) = preSolution
		Debug|Any CPU = Debug|Any CPU
		Release|Any CPU = Release|Any CPU
	EndGlobalSection
	GlobalSection(ProjectConfigurationPlatforms) = postSolution
		{9FF00568-2E32-4C3E-9B83-EFBCC4F3B22C}.Debug|Any CPU.ActiveCfg = Debug|Any CPU
		{9FF00568-2E32-4C3E-9B83-EFBCC4F3B22C}.Debug|Any CPU.Build.0 = Debug|Any CPU
		{9FF00568-2E32-4C3E-9B83-EFBCC4F3B22C}.Release|Any CPU.ActiveCfg = Release|Any CPU
		{9FF00568-2E32-4C3E-9B83-EFBCC4F3B22C}.Release|Any CPU.Build.0 = Release|Any CPU
	EndGlobalSection
EndGlobal
